
Microsoft Visual Studio Solution File, Format Version 12.00
# Visual Studio 15
VisualStudioVersion = 15.0.27703.2000
MinimumVisualStudioVersion = 10.0.40219.1
Project("{8BC9CEB8-8B4A-11D0-8D11-00A0C91BC942}") = "MFC_GrayedoutListView", "MFC_GrayedoutListView\MFC_GrayedoutListView.vcxproj", "{0DAF2F30-642B-40E1-82E0-97DB3F6220AA}"
EndProject
Project("{2150E333-8FDC-42A3-9474-1A3956D46DE8}") = "Solution Items", "Solution Items", "{5E780E3F-FC97-49CB-8E2B-6DDEC6EE6631}"
	ProjectSection(SolutionItems) = preProject
		README.md = README.md
		README_VIDEO.gif = README_VIDEO.gif
	EndProjectSection
EndProject
Global
	GlobalSection(SolutionConfigurationPlatforms) = preSolution
		Debug|x64 = Debug|x64
		Debug|x86 = Debug|x86
		Release|x64 = Release|x64
		Release|x86 = Release|x86
	EndGlobalSection
	GlobalSection(ProjectConfigurationPlatforms) = postSolution
		{0DAF2F30-642B-40E1-82E0-97DB3F6220AA}.Debug|x64.ActiveCfg = Debug|x64
		{0DAF2F30-642B-40E1-82E0-97DB3F6220AA}.Debug|x64.Build.0 = Debug|x64
		{0DAF2F30-642B-40E1-82E0-97DB3F6220AA}.Debug|x86.ActiveCfg = Debug|Win32
		{0DAF2F30-642B-40E1-82E0-97DB3F6220AA}.Debug|x86.Build.0 = Debug|Win32
		{0DAF2F30-642B-40E1-82E0-97DB3F6220AA}.Release|x64.ActiveCfg = Release|x64
		{0DAF2F30-642B-40E1-82E0-97DB3F6220AA}.Release|x64.Build.0 = Release|x64
		{0DAF2F30-642B-40E1-82E0-97DB3F6220AA}.Release|x86.ActiveCfg = Release|Win32
		{0DAF2F30-642B-40E1-82E0-97DB3F6220AA}.Release|x86.Build.0 = Release|Win32
	EndGlobalSection
	GlobalSection(SolutionProperties) = preSolution
		HideSolutionNode = FALSE
	EndGlobalSection
	GlobalSection(ExtensibilityGlobals) = postSolution
		SolutionGuid = {D3B57190-4640-4830-8292-611F31A1EEEB}
	EndGlobalSection
EndGlobal
